{
  "name": "prizm-echarts-components",
  "version": "0.0.1",
  "lockfileVersion": 3,
  "requires": true,
  "packages": {
    "": {
      "name": "prizm-echarts-components",
      "version": "0.0.1",
      "dependencies": {
        "@angular/animations": "^18.2.14",
        "@prizm-ui/components": "^5.9.0",
        "@prizm-ui/core": "^5.9.0",
        "@prizm-ui/theme": "^5.9.0",
        "ngx-echarts": "^18.0.0",
        "tslib": "^2.3.0"
      },
      "peerDependencies": {
        "@angular/common": "^18.2.0",
        "@angular/core": "^18.2.0"
      }
    },
    "node_modules/@angular/animations": {
      "version": "18.2.14",
      "resolved": "https://registry.npmjs.org/@angular/animations/-/animations-18.2.14.tgz",
      "integrity": "sha512-Kp/MWShoYYO+R3lrrZbZgszbbLGVXHB+39mdJZwnIuZMDkeL3JsIBlSOzyJRTnpS1vITc+9jgHvP/6uKbMrW1Q==",
      "license": "MIT",
      "dependencies": {
        "tslib": "^2.3.0"
      },
      "engines": {
        "node": "^18.19.1 || ^20.11.1 || >=22.0.0"
      },
      "peerDependencies": {
        "@angular/core": "18.2.14"
      }
    },
    "node_modules/@angular/cdk": {
      "version": "18.2.14",
      "resolved": "https://registry.npmjs.org/@angular/cdk/-/cdk-18.2.14.tgz",
      "integrity": "sha512-vDyOh1lwjfVk9OqoroZAP8pf3xxKUvyl+TVR8nJxL4c5fOfUFkD7l94HaanqKSRwJcI2xiztuu92IVoHn8T33Q==",
      "license": "MIT",
      "peer": true,
      "dependencies": {
        "tslib": "^2.3.0"
      },
      "optionalDependencies": {
        "parse5": "^7.1.2"
      },
      "peerDependencies": {
        "@angular/common": "^18.0.0 || ^19.0.0",
        "@angular/core": "^18.0.0 || ^19.0.0",
        "rxjs": "^6.5.3 || ^7.4.0"
      }
    },
    "node_modules/@angular/common": {
      "version": "18.2.14",
      "resolved": "https://registry.npmjs.org/@angular/common/-/common-18.2.14.tgz",
      "integrity": "sha512-ZPRswzaVRiqcfZoowuAM22Hr2/z10ajWOUoFDoQ9tWqz/fH/773kJv2F9VvePIekgNPCzaizqv9gF6tGNqaAwg==",
      "license": "MIT",
      "peer": true,
      "dependencies": {
        "tslib": "^2.3.0"
      },
      "engines": {
        "node": "^18.19.1 || ^20.11.1 || >=22.0.0"
      },
      "peerDependencies": {
        "@angular/core": "18.2.14",
        "rxjs": "^6.5.3 || ^7.4.0"
      }
    },
    "node_modules/@angular/core": {
      "version": "18.2.14",
      "resolved": "https://registry.npmjs.org/@angular/core/-/core-18.2.14.tgz",
      "integrity": "sha512-BIPrCs93ZZTY9ym7yfoTgAQ5rs706yoYeAdrgc8kh/bDbM9DawxKlgeKBx2FLt09Y0YQ1bFhKVp0cV4gDEaMxQ==",
      "license": "MIT",
      "peer": true,
      "dependencies": {
        "tslib": "^2.3.0"
      },
      "engines": {
        "node": "^18.19.1 || ^20.11.1 || >=22.0.0"
      },
      "peerDependencies": {
        "rxjs": "^6.5.3 || ^7.4.0",
        "zone.js": "~0.14.10"
      }
    },
    "node_modules/@angular/forms": {
      "version": "18.2.14",
      "resolved": "https://registry.npmjs.org/@angular/forms/-/forms-18.2.14.tgz",
      "integrity": "sha512-fZVwXctmBJa5VdopJae/T9MYKPXNd04+6j4k/6X819y+9fiyWLJt2QicSc5Rc+YD9mmhXag3xaljlrnotf9VGA==",
      "license": "MIT",
      "peer": true,
      "dependencies": {
        "tslib": "^2.3.0"
      },
      "engines": {
        "node": "^18.19.1 || ^20.11.1 || >=22.0.0"
      },
      "peerDependencies": {
        "@angular/common": "18.2.14",
        "@angular/core": "18.2.14",
        "@angular/platform-browser": "18.2.14",
        "rxjs": "^6.5.3 || ^7.4.0"
      }
    },
    "node_modules/@angular/platform-browser": {
      "version": "18.2.14",
      "resolved": "https://registry.npmjs.org/@angular/platform-browser/-/platform-browser-18.2.14.tgz",
      "integrity": "sha512-W+JTxI25su3RiZVZT3Yrw6KNUCmOIy7OZIZ+612skPgYK2f2qil7VclnW1oCwG896h50cMJU/lnAfxZxefQgyQ==",
      "license": "MIT",
      "peer": true,
      "dependencies": {
        "tslib": "^2.3.0"
      },
      "engines": {
        "node": "^18.19.1 || ^20.11.1 || >=22.0.0"
      },
      "peerDependencies": {
        "@angular/animations": "18.2.14",
        "@angular/common": "18.2.14",
        "@angular/core": "18.2.14"
      },
      "peerDependenciesMeta": {
        "@angular/animations": {
          "optional": true
        }
      }
    },
    "node_modules/@ng-web-apis/common": {
      "version": "3.2.3",
      "resolved": "https://registry.npmjs.org/@ng-web-apis/common/-/common-3.2.3.tgz",
      "integrity": "sha512-1ts2FkLRw6dE/uTuYFMf9VTbLJ9CS8dpfIXTpxFsPArs13mEuz0Yvpe0rl0tMAhfNoeN4e7V8wVSyqDNgfzgmw==",
      "license": "Apache-2.0",
      "dependencies": {
        "tslib": "^2.2.0"
      },
      "peerDependencies": {
        "@angular/common": ">=12.0.0",
        "@angular/core": ">=12.0.0",
        "rxjs": ">=6.4.0"
      }
    },
    "node_modules/@ng-web-apis/intersection-observer": {
      "version": "3.2.3",
      "resolved": "https://registry.npmjs.org/@ng-web-apis/intersection-observer/-/intersection-observer-3.2.3.tgz",
      "integrity": "sha512-0yp+rr6ZEyF2vz4zYlMZ1GNtTHQziKajCurqAycZkSXVUdon7MhfiY/PiTr8xklTr40DjrF4anXV7oUAaA0szQ==",
      "license": "Apache-2.0",
      "dependencies": {
        "tslib": "^2.2.0"
      },
      "peerDependencies": {
        "@angular/core": ">=12.0.0",
        "@ng-web-apis/common": ">=2.0.0"
      }
    },
    "node_modules/@ng-web-apis/mutation-observer": {
      "version": "3.2.3",
      "resolved": "https://registry.npmjs.org/@ng-web-apis/mutation-observer/-/mutation-observer-3.2.3.tgz",
      "integrity": "sha512-iFwxut1cw94lTXnloDMBRanqNTvEjbnigWkTowlPH3QY16ysTKuC51JeonRuARW4K3bbDGbXiLUYYZWKQaDfKw==",
      "license": "Apache-2.0",
      "dependencies": {
        "tslib": "^2.2.0"
      },
      "peerDependencies": {
        "@angular/core": ">=12.0.0",
        "@ng-web-apis/common": ">=2.0.0"
      }
    },
    "node_modules/@ng-web-apis/resize-observer": {
      "version": "3.2.3",
      "resolved": "https://registry.npmjs.org/@ng-web-apis/resize-observer/-/resize-observer-3.2.3.tgz",
      "integrity": "sha512-x3KxBZSragzdQlkbY9tiHY0lVlkOFD7Y34rzXdBJ7PTnIvlq43X/tN31Mmb3R0Np4vsarWqnhO6Y42ljudsWdA==",
      "license": "Apache-2.0",
      "dependencies": {
        "tslib": "^2.2.0"
      },
      "peerDependencies": {
        "@angular/core": ">=12.0.0",
        "@ng-web-apis/common": ">=2.0.0"
      }
    },
    "node_modules/@prizm-ui/components": {
      "version": "5.9.0",
      "resolved": "https://registry.npmjs.org/@prizm-ui/components/-/components-5.9.0.tgz",
      "integrity": "sha512-T8Ny6dp6Irf1y2OQx6HVo+oLHS28zn1BvuGnXHcBMajVeWBjS9LL90lckCj5aWgI8l6Lj2lwZHExaCJxEU6tDw==",
      "license": "MIT",
      "dependencies": {
        "@ng-web-apis/common": "^3.0.0",
        "@ng-web-apis/intersection-observer": "^3.0.0",
        "@ng-web-apis/mutation-observer": "^3.0.0",
        "@ng-web-apis/resize-observer": "^3.0.0",
        "ngx-mask": "17.0.4",
        "tslib": "^2.3.0"
      },
      "peerDependencies": {
        "@angular/cdk": "^18.1.3",
        "@angular/common": "^18.1.3",
        "@angular/core": "^18.1.3",
        "@prizm-ui/core": "^5.9.0",
        "@prizm-ui/helpers": "^5.9.0",
        "@prizm-ui/i18n": "^5.9.0",
        "@prizm-ui/icons": "^5.9.0",
        "@prizm-ui/theme": "^5.9.0"
      }
    },
    "node_modules/@prizm-ui/core": {
      "version": "5.9.0",
      "resolved": "https://registry.npmjs.org/@prizm-ui/core/-/core-5.9.0.tgz",
      "integrity": "sha512-dHuo9uK3YVcRqHRz8GzPTuK1JIeGvg9IBzfYwHIpFCBajQDB2Y8YoWj7wzrBbi9OJ4YGCh707chonphYMgbF+A==",
      "license": "MIT",
      "dependencies": {
        "tslib": "^2.3.0"
      },
      "peerDependencies": {
        "@angular/common": "^18.1.3",
        "@angular/core": "^18.1.3"
      }
    },
    "node_modules/@prizm-ui/helpers": {
      "version": "5.9.0",
      "resolved": "https://registry.npmjs.org/@prizm-ui/helpers/-/helpers-5.9.0.tgz",
      "integrity": "sha512-nIPKry0/EKp5XHsq/6ftSq9YRVd8jn0+nUrw6Ll68HjZVT5US0kT8a8G87NZUEHqpBQ4SQhRl8z/e2m7Ol5EVw==",
      "license": "MIT",
      "peer": true,
      "dependencies": {
        "tslib": "^2.3.0"
      },
      "peerDependencies": {
        "@angular/common": "^18.1.3",
        "@angular/core": "^18.1.3",
        "@angular/forms": "^18.1.3"
      }
    },
    "node_modules/@prizm-ui/i18n": {
      "version": "5.9.0",
      "resolved": "https://registry.npmjs.org/@prizm-ui/i18n/-/i18n-5.9.0.tgz",
      "integrity": "sha512-AFD7iAWonJmxYpvvH5VRJem21/0BAJgjH9FUwImopaEJdzOgkdZi2y2dv05k3Y6aTyS/8wx5GLtZryJMU//pCA==",
      "peer": true,
      "dependencies": {
        "tslib": "^2.3.0"
      },
      "peerDependencies": {
        "@angular/common": "^18.1.3",
        "@angular/core": "^18.1.3"
      }
    },
    "node_modules/@prizm-ui/icons": {
      "version": "5.9.0",
      "resolved": "https://registry.npmjs.org/@prizm-ui/icons/-/icons-5.9.0.tgz",
      "integrity": "sha512-KHLRt6BHHnSh20pwzMx325IEywpKv34AOi8f7ECEXkZsDiTYGWnFbGklcQhQ4KBf8hTCC8nLZlIHN8TO9/A8JQ==",
      "peer": true,
      "dependencies": {
        "tslib": "^2.3.0"
      },
      "peerDependencies": {
        "@angular/common": "^18.1.3",
        "@angular/core": "^18.1.3",
        "@prizm-ui/core": "^5.9.0"
      }
    },
    "node_modules/@prizm-ui/theme": {
      "version": "5.9.0",
      "resolved": "https://registry.npmjs.org/@prizm-ui/theme/-/theme-5.9.0.tgz",
      "integrity": "sha512-6AdglwI98+fprQpkvTJpruEArdhDBmVz9+uRYaajf3/ebvhBuch8F/lCyauUiACfWDG+z/LQsgx/DJ/2YmxD4w==",
      "dependencies": {
        "tslib": "^2.3.0"
      },
      "peerDependencies": {
        "@angular/common": "^18.1.3",
        "@angular/core": "^18.1.3",
        "@prizm-ui/core": "^5.9.0",
        "@prizm-ui/helpers": "^5.9.0"
      }
    },
    "node_modules/echarts": {
      "version": "6.0.0",
      "resolved": "https://registry.npmjs.org/echarts/-/echarts-6.0.0.tgz",
      "integrity": "sha512-Tte/grDQRiETQP4xz3iZWSvoHrkCQtwqd6hs+mifXcjrCuo2iKWbajFObuLJVBlDIJlOzgQPd1hsaKt/3+OMkQ==",
      "license": "Apache-2.0",
      "peer": true,
      "dependencies": {
        "tslib": "2.3.0",
        "zrender": "6.0.0"
      }
    },
    "node_modules/echarts/node_modules/tslib": {
      "version": "2.3.0",
      "resolved": "https://registry.npmjs.org/tslib/-/tslib-2.3.0.tgz",
      "integrity": "sha512-N82ooyxVNm6h1riLCoyS9e3fuJ3AMG2zIZs2Gd1ATcSFjSA23Q0fzjjZeh0jbJvWVDZ0cJT8yaNNaaXHzueNjg==",
      "license": "0BSD",
      "peer": true
    },
    "node_modules/entities": {
      "version": "6.0.1",
      "resolved": "https://registry.npmjs.org/entities/-/entities-6.0.1.tgz",
      "integrity": "sha512-aN97NXWF6AWBTahfVOIrB/NShkzi5H7F9r1s9mD3cDj4Ko5f2qhhVoYMibXF7GlLveb/D2ioWay8lxI97Ven3g==",
      "license": "BSD-2-Clause",
      "optional": true,
      "peer": true,
      "engines": {
        "node": ">=0.12"
      },
      "funding": {
        "url": "https://github.com/fb55/entities?sponsor=1"
      }
    },
    "node_modules/ngx-echarts": {
      "version": "18.0.0",
      "resolved": "https://registry.npmjs.org/ngx-echarts/-/ngx-echarts-18.0.0.tgz",
      "integrity": "sha512-1rJW7vhMTTQMZNO5AhbHfTDorhP7dcvwRsDH5jFk2SPb/gjIFWvXBY9VSNAOKumuSBnopm2+uSz6BRO5oWxovA==",
      "license": "MIT",
      "dependencies": {
        "tslib": "^2.3.0"
      },
      "peerDependencies": {
        "echarts": ">=5.0.0"
      }
    },
    "node_modules/ngx-mask": {
      "version": "17.0.4",
      "resolved": "https://registry.npmjs.org/ngx-mask/-/ngx-mask-17.0.4.tgz",
      "integrity": "sha512-Rfox/zLIcuEc+t8xGvDYL83KYw0P80Ctvx+uy3v/F901XLhzEXKEgPOEFRKNkQu4Eu5Y7SjnX44mGdk/1cqh3w==",
      "license": "MIT",
      "dependencies": {
        "tslib": "^2.3.0"
      },
      "peerDependencies": {
        "@angular/common": ">=14.0.0",
        "@angular/core": ">=14.0.0",
        "@angular/forms": ">=14.0.0"
      }
    },
    "node_modules/parse5": {
      "version": "7.3.0",
      "resolved": "https://registry.npmjs.org/parse5/-/parse5-7.3.0.tgz",
      "integrity": "sha512-IInvU7fabl34qmi9gY8XOVxhYyMyuH2xUNpb2q8/Y+7552KlejkRvqvD19nMoUW/uQGGbqNpA6Tufu5FL5BZgw==",
      "license": "MIT",
      "optional": true,
      "peer": true,
      "dependencies": {
        "entities": "^6.0.0"
      },
      "funding": {
        "url": "https://github.com/inikulin/parse5?sponsor=1"
      }
    },
    "node_modules/rxjs": {
      "version": "7.8.2",
      "resolved": "https://registry.npmjs.org/rxjs/-/rxjs-7.8.2.tgz",
      "integrity": "sha512-dhKf903U/PQZY6boNNtAGdWbG85WAbjT/1xYoZIC7FAY0yWapOBQVsVrDl58W86//e1VpMNBtRV4MaXfdMySFA==",
      "license": "Apache-2.0",
      "peer": true,
      "dependencies": {
        "tslib": "^2.1.0"
      }
    },
    "node_modules/tslib": {
      "version": "2.8.1",
      "resolved": "https://registry.npmjs.org/tslib/-/tslib-2.8.1.tgz",
      "integrity": "sha512-oJFu94HQb+KVduSUQL7wnpmqnfmLsOA/nAh6b6EH0wCEoK0/mPeXU6c3wKDV83MkOuHPRHtSXKKU99IBazS/2w==",
      "license": "0BSD"
    },
    "node_modules/zone.js": {
      "version": "0.14.10",
      "resolved": "https://registry.npmjs.org/zone.js/-/zone.js-0.14.10.tgz",
      "integrity": "sha512-YGAhaO7J5ywOXW6InXNlLmfU194F8lVgu7bRntUF3TiG8Y3nBK0x1UJJuHUP/e8IyihkjCYqhCScpSwnlaSRkQ==",
      "license": "MIT",
      "peer": true
    },
    "node_modules/zrender": {
      "version": "6.0.0",
      "resolved": "https://registry.npmjs.org/zrender/-/zrender-6.0.0.tgz",
      "integrity": "sha512-41dFXEEXuJpNecuUQq6JlbybmnHaqqpGlbH1yxnA5V9MMP4SbohSVZsJIwz+zdjQXSSlR1Vc34EgH1zxyTDvhg==",
      "license": "BSD-3-Clause",
      "peer": true,
      "dependencies": {
        "tslib": "2.3.0"
      }
    },
    "node_modules/zrender/node_modules/tslib": {
      "version": "2.3.0",
      "resolved": "https://registry.npmjs.org/tslib/-/tslib-2.3.0.tgz",
      "integrity": "sha512-N82ooyxVNm6h1riLCoyS9e3fuJ3AMG2zIZs2Gd1ATcSFjSA23Q0fzjjZeh0jbJvWVDZ0cJT8yaNNaaXHzueNjg==",
      "license": "0BSD",
      "peer": true
    }
  }
}
